{
  "name": "5_nodulos_externos",
  "version": "1.0.0",
  "lockfileVersion": 3,
  "requires": true,
  "packages": {
    "": {
      "name": "5_nodulos_externos",
      "version": "1.0.0",
      "license": "ISC",
      "dependencies": {
        "minim": "^0.23.8",
        "minimist": "^1.2.8"
      }
    },
    "node_modules/lodash": {
      "version": "4.17.21",
      "resolved": "https://registry.npmjs.org/lodash/-/lodash-4.17.21.tgz",
      "integrity": "sha512-v2kDEe57lecTulaDIuNTPy3Ry4gLGJ6Z1O3vE1krgXZNrsQ+LFTGHVxVjcXPs17LhbZVGedAJv8XZ1tvj5FvSg==",
      "license": "MIT"
    },
    "node_modules/minim": {
      "version": "0.23.8",
      "resolved": "https://registry.npmjs.org/minim/-/minim-0.23.8.tgz",
      "integrity": "sha512-bjdr2xW1dBCMsMGGsUeqM4eFI60m94+szhxWys+B1ztIt6gWSfeGBdSVCIawezeHYLYn0j6zrsXdQS/JllBzww==",
      "license": "MIT",
      "dependencies": {
        "lodash": "^4.15.0"
      },
      "engines": {
        "node": ">=6"
      }
    },
    "node_modules/minimist": {
      "version": "1.2.8",
      "resolved": "https://registry.npmjs.org/minimist/-/minimist-1.2.8.tgz",
      "integrity": "sha512-2yyAR8qBkN3YuheJanUpWC5U3bb5osDywNB8RzDVlDwDHbocAJveqqj1u8+SVD7jkWT4yvsHCpWqqWqAxb0zCA==",
      "license": "MIT",
      "funding": {
        "url": "https://github.com/sponsors/ljharb"
      }
    }
  }
}
